// !$*UTF8*$!
{
	archiveVersion = 1;
	classes = {
	};
	objectVersion = 50;
	objects = {

/* Begin PBXBuildFile section */
		5F0ED5CA220A2E30001FD4D1 /* faces.cblite2 in Resources */ = {isa = PBXBuildFile; fileRef = 5F0ED5C9220A2E30001FD4D1 /* faces.cblite2 */; };
		5F0ED5D02211E83A001FD4D1 /* faces-large.cblite2 in Resources */ = {isa = PBXBuildFile; fileRef = 5F0ED5CF2211E839001FD4D1 /* faces-large.cblite2 */; };
		5F544FBB21E808E400EBEC58 /* OpenFace.mlmodel in Sources */ = {isa = PBXBuildFile; fileRef = 5F544FBA21E808E400EBEC58 /* OpenFace.mlmodel */; };
		5F544FBC21E8090900EBEC58 /* OpenFace.mlmodel in Sources */ = {isa = PBXBuildFile; fileRef = 5F544FBA21E808E400EBEC58 /* OpenFace.mlmodel */; };
		5F544FC121E8E4AC00EBEC58 /* FileUtils.swift in Sources */ = {isa = PBXBuildFile; fileRef = 5F544FC021E8E4AC00EBEC58 /* FileUtils.swift */; };
		5F544FC221E8E4AC00EBEC58 /* FileUtils.swift in Sources */ = {isa = PBXBuildFile; fileRef = 5F544FC021E8E4AC00EBEC58 /* FileUtils.swift */; };
		5F544FC421E8E8F100EBEC58 /* ItemTableViewController.swift in Sources */ = {isa = PBXBuildFile; fileRef = 5F544FC321E8E8F100EBEC58 /* ItemTableViewController.swift */; };
		5F544FC721E8E98200EBEC58 /* UserPresenter.swift in Sources */ = {isa = PBXBuildFile; fileRef = 5F544FC621E8E98100EBEC58 /* UserPresenter.swift */; };
		5F544FCA21E8E9B300EBEC58 /* PresenterProtocol.swift in Sources */ = {isa = PBXBuildFile; fileRef = 5F544FC921E8E9B300EBEC58 /* PresenterProtocol.swift */; };
		5F544FCC21E8E9EE00EBEC58 /* UserRecord.swift in Sources */ = {isa = PBXBuildFile; fileRef = 5F544FCB21E8E9ED00EBEC58 /* UserRecord.swift */; };
		5F544FCE21E8EC8300EBEC58 /* CustomTextEntryTableViewCell.swift in Sources */ = {isa = PBXBuildFile; fileRef = 5F544FCD21E8EC8300EBEC58 /* CustomTextEntryTableViewCell.swift */; };
		5F544FD021E8ECB100EBEC58 /* CustomTextEntryTableViewCell.xib in Resources */ = {isa = PBXBuildFile; fileRef = 5F544FCF21E8ECB000EBEC58 /* CustomTextEntryTableViewCell.xib */; };
		5F544FD221E8ED1C00EBEC58 /* CustomImageEntryTableViewCell.swift in Sources */ = {isa = PBXBuildFile; fileRef = 5F544FD121E8ED1C00EBEC58 /* CustomImageEntryTableViewCell.swift */; };
		5F544FD421E8ED5300EBEC58 /* CustomImageEntryTableViewCell.xib in Resources */ = {isa = PBXBuildFile; fileRef = 5F544FD321E8ED5300EBEC58 /* CustomImageEntryTableViewCell.xib */; };
		5F6EF94A21E79FE400F143CF /* AppDelegate.swift in Sources */ = {isa = PBXBuildFile; fileRef = 5F6EF94921E79FE400F143CF /* AppDelegate.swift */; };
		5F6EF94F21E79FE400F143CF /* Main.storyboard in Resources */ = {isa = PBXBuildFile; fileRef = 5F6EF94D21E79FE400F143CF /* Main.storyboard */; };
		5F6EF95121E79FE600F143CF /* Assets.xcassets in Resources */ = {isa = PBXBuildFile; fileRef = 5F6EF95021E79FE600F143CF /* Assets.xcassets */; };
		5F6EF95421E79FE600F143CF /* LaunchScreen.storyboard in Resources */ = {isa = PBXBuildFile; fileRef = 5F6EF95221E79FE600F143CF /* LaunchScreen.storyboard */; };
		5F6EF95F21E79FE600F143CF /* PredictiveAPITests.swift in Sources */ = {isa = PBXBuildFile; fileRef = 5F6EF95E21E79FE600F143CF /* PredictiveAPITests.swift */; };
		5F6EF96A21E7A12600F143CF /* DatabaseManager.swift in Sources */ = {isa = PBXBuildFile; fileRef = 5F6EF96921E7A12600F143CF /* DatabaseManager.swift */; };
		5FC2689121E7C4AF00237D46 /* OpenFaceUtilities.swift in Sources */ = {isa = PBXBuildFile; fileRef = 5FC2689021E7C4AF00237D46 /* OpenFaceUtilities.swift */; };
		5FC2689421E7C70500237D46 /* FaceRecognizer.swift in Sources */ = {isa = PBXBuildFile; fileRef = 5FC2689321E7C70500237D46 /* FaceRecognizer.swift */; };
		5FCA40AB21E92E3F00B5FDE8 /* faces in Resources */ = {isa = PBXBuildFile; fileRef = 5FCA40AA21E92E3F00B5FDE8 /* faces */; };
		5FCA40AD21E9310500B5FDE8 /* OpenFacePredictiveModel.swift in Sources */ = {isa = PBXBuildFile; fileRef = 5FCA40AC21E9310500B5FDE8 /* OpenFacePredictiveModel.swift */; };
		5FCA40B321EB9DCB00B5FDE8 /* CustomErrors.swift in Sources */ = {isa = PBXBuildFile; fileRef = 5FCA40B221EB9DCB00B5FDE8 /* CustomErrors.swift */; };
		5FCA40C121ECE59800B5FDE8 /* Abba_Eban.jpg in Resources */ = {isa = PBXBuildFile; fileRef = 5FCA40C021ECE59800B5FDE8 /* Abba_Eban.jpg */; };
		5FCA40C321ECF0B600B5FDE8 /* faces in Resources */ = {isa = PBXBuildFile; fileRef = 5FCA40AA21E92E3F00B5FDE8 /* faces */; };
		5FCA40D521F0382E00B5FDE8 /* Serena_Williams.jpg in Resources */ = {isa = PBXBuildFile; fileRef = 5FCA40D421F0382E00B5FDE8 /* Serena_Williams.jpg */; };
		5FCA40D621F0382E00B5FDE8 /* Serena_Williams.jpg in Resources */ = {isa = PBXBuildFile; fileRef = 5FCA40D421F0382E00B5FDE8 /* Serena_Williams.jpg */; };
		5FCA40D821F039BD00B5FDE8 /* Andre_Agassi.jpg in Resources */ = {isa = PBXBuildFile; fileRef = 5FCA40D721F039BD00B5FDE8 /* Andre_Agassi.jpg */; };
		5FCA40D921F039BD00B5FDE8 /* Andre_Agassi.jpg in Resources */ = {isa = PBXBuildFile; fileRef = 5FCA40D721F039BD00B5FDE8 /* Andre_Agassi.jpg */; };
		5FCA40EA21F517E200B5FDE8 /* Serena_Williams_0001.jpg in Resources */ = {isa = PBXBuildFile; fileRef = 5FCA40E921F517E200B5FDE8 /* Serena_Williams_0001.jpg */; };
		5FCA40EB21F517E200B5FDE8 /* Serena_Williams_0001.jpg in Resources */ = {isa = PBXBuildFile; fileRef = 5FCA40E921F517E200B5FDE8 /* Serena_Williams_0001.jpg */; };
		5FCA40ED21F517EA00B5FDE8 /* Serena_Williams_0006.jpg in Resources */ = {isa = PBXBuildFile; fileRef = 5FCA40EC21F517EA00B5FDE8 /* Serena_Williams_0006.jpg */; };
		5FCA40EE21F517EA00B5FDE8 /* Serena_Williams_0006.jpg in Resources */ = {isa = PBXBuildFile; fileRef = 5FCA40EC21F517EA00B5FDE8 /* Serena_Williams_0006.jpg */; };
		5FF57962226E1DEF00254FFE /* CouchbaseLiteSwift.framework in Frameworks */ = {isa = PBXBuildFile; fileRef = 5FF57961226E1DEE00254FFE /* CouchbaseLiteSwift.framework */; };
		5FF57963226E1E2700254FFE /* CouchbaseLiteSwift.framework in Frameworks */ = {isa = PBXBuildFile; fileRef = 5FF57961226E1DEE00254FFE /* CouchbaseLiteSwift.framework */; };
		5FF57964226E1E2700254FFE /* CouchbaseLiteSwift.framework in Embed Frameworks */ = {isa = PBXBuildFile; fileRef = 5FF57961226E1DEE00254FFE /* CouchbaseLiteSwift.framework */; settings = {ATTRIBUTES = (CodeSignOnCopy, RemoveHeadersOnCopy, ); }; };
/* End PBXBuildFile section */

/* Begin PBXContainerItemProxy section */
		5F6EF95B21E79FE600F143CF /* PBXContainerItemProxy */ = {
			isa = PBXContainerItemProxy;
			containerPortal = 5F6EF93E21E79FE400F143CF /* Project object */;
			proxyType = 1;
			remoteGlobalIDString = 5F6EF94521E79FE400F143CF;
			remoteInfo = PredictiveAPI;
		};
/* End PBXContainerItemProxy section */

/* Begin PBXCopyFilesBuildPhase section */
		5F6EF96F21E7A49800F143CF /* Embed Frameworks */ = {
			isa = PBXCopyFilesBuildPhase;
			buildActionMask = 2147483647;
			dstPath = "";
			dstSubfolderSpec = 10;
			files = (
				5FF57964226E1E2700254FFE /* CouchbaseLiteSwift.framework in Embed Frameworks */,
			);
			name = "Embed Frameworks";
			runOnlyForDeploymentPostprocessing = 0;
		};
/* End PBXCopyFilesBuildPhase section */

/* Begin PBXFileReference section */
		5F0ED5C9220A2E30001FD4D1 /* faces.cblite2 */ = {isa = PBXFileReference; lastKnownFileType = folder; path = faces.cblite2; sourceTree = "<group>"; };
		5F0ED5CF2211E839001FD4D1 /* faces-large.cblite2 */ = {isa = PBXFileReference; lastKnownFileType = folder; path = "faces-large.cblite2"; sourceTree = "<group>"; };
		5F544FBA21E808E400EBEC58 /* OpenFace.mlmodel */ = {isa = PBXFileReference; lastKnownFileType = file.mlmodel; path = OpenFace.mlmodel; sourceTree = "<group>"; };
		5F544FC021E8E4AC00EBEC58 /* FileUtils.swift */ = {isa = PBXFileReference; lastKnownFileType = sourcecode.swift; path = FileUtils.swift; sourceTree = "<group>"; };
		5F544FC321E8E8F100EBEC58 /* ItemTableViewController.swift */ = {isa = PBXFileReference; lastKnownFileType = sourcecode.swift; path = ItemTableViewController.swift; sourceTree = "<group>"; };
		5F544FC621E8E98100EBEC58 /* UserPresenter.swift */ = {isa = PBXFileReference; lastKnownFileType = sourcecode.swift; path = UserPresenter.swift; sourceTree = "<group>"; };
		5F544FC921E8E9B300EBEC58 /* PresenterProtocol.swift */ = {isa = PBXFileReference; lastKnownFileType = sourcecode.swift; path = PresenterProtocol.swift; sourceTree = "<group>"; };
		5F544FCB21E8E9ED00EBEC58 /* UserRecord.swift */ = {isa = PBXFileReference; lastKnownFileType = sourcecode.swift; path = UserRecord.swift; sourceTree = "<group>"; };
		5F544FCD21E8EC8300EBEC58 /* CustomTextEntryTableViewCell.swift */ = {isa = PBXFileReference; lastKnownFileType = sourcecode.swift; path = CustomTextEntryTableViewCell.swift; sourceTree = "<group>"; };
		5F544FCF21E8ECB000EBEC58 /* CustomTextEntryTableViewCell.xib */ = {isa = PBXFileReference; lastKnownFileType = file.xib; path = CustomTextEntryTableViewCell.xib; sourceTree = "<group>"; };
		5F544FD121E8ED1C00EBEC58 /* CustomImageEntryTableViewCell.swift */ = {isa = PBXFileReference; lastKnownFileType = sourcecode.swift; path = CustomImageEntryTableViewCell.swift; sourceTree = "<group>"; };
		5F544FD321E8ED5300EBEC58 /* CustomImageEntryTableViewCell.xib */ = {isa = PBXFileReference; lastKnownFileType = file.xib; path = CustomImageEntryTableViewCell.xib; sourceTree = "<group>"; };
		5F6EF94621E79FE400F143CF /* PredictiveAPI.app */ = {isa = PBXFileReference; explicitFileType = wrapper.application; includeInIndex = 0; path = PredictiveAPI.app; sourceTree = BUILT_PRODUCTS_DIR; };
		5F6EF94921E79FE400F143CF /* AppDelegate.swift */ = {isa = PBXFileReference; lastKnownFileType = sourcecode.swift; path = AppDelegate.swift; sourceTree = "<group>"; };
		5F6EF94E21E79FE400F143CF /* Base */ = {isa = PBXFileReference; lastKnownFileType = file.storyboard; name = Base; path = Base.lproj/Main.storyboard; sourceTree = "<group>"; };
		5F6EF95021E79FE600F143CF /* Assets.xcassets */ = {isa = PBXFileReference; lastKnownFileType = folder.assetcatalog; path = Assets.xcassets; sourceTree = "<group>"; };
		5F6EF95321E79FE600F143CF /* Base */ = {isa = PBXFileReference; lastKnownFileType = file.storyboard; name = Base; path = Base.lproj/LaunchScreen.storyboard; sourceTree = "<group>"; };
		5F6EF95521E79FE600F143CF /* Info.plist */ = {isa = PBXFileReference; lastKnownFileType = text.plist.xml; path = Info.plist; sourceTree = "<group>"; };
		5F6EF95A21E79FE600F143CF /* PredictiveAPITests.xctest */ = {isa = PBXFileReference; explicitFileType = wrapper.cfbundle; includeInIndex = 0; path = PredictiveAPITests.xctest; sourceTree = BUILT_PRODUCTS_DIR; };
		5F6EF95E21E79FE600F143CF /* PredictiveAPITests.swift */ = {isa = PBXFileReference; lastKnownFileType = sourcecode.swift; path = PredictiveAPITests.swift; sourceTree = "<group>"; };
		5F6EF96021E79FE600F143CF /* Info.plist */ = {isa = PBXFileReference; lastKnownFileType = text.plist.xml; path = Info.plist; sourceTree = "<group>"; };
		5F6EF96921E7A12600F143CF /* DatabaseManager.swift */ = {isa = PBXFileReference; lastKnownFileType = sourcecode.swift; path = DatabaseManager.swift; sourceTree = "<group>"; };
		5FC2689021E7C4AF00237D46 /* OpenFaceUtilities.swift */ = {isa = PBXFileReference; lastKnownFileType = sourcecode.swift; path = OpenFaceUtilities.swift; sourceTree = "<group>"; };
		5FC2689321E7C70500237D46 /* FaceRecognizer.swift */ = {isa = PBXFileReference; lastKnownFileType = sourcecode.swift; path = FaceRecognizer.swift; sourceTree = "<group>"; };
		5FCA40AA21E92E3F00B5FDE8 /* faces */ = {isa = PBXFileReference; lastKnownFileType = folder; path = faces; sourceTree = "<group>"; };
		5FCA40AC21E9310500B5FDE8 /* OpenFacePredictiveModel.swift */ = {isa = PBXFileReference; lastKnownFileType = sourcecode.swift; path = OpenFacePredictiveModel.swift; sourceTree = "<group>"; };
		5FCA40B221EB9DCB00B5FDE8 /* CustomErrors.swift */ = {isa = PBXFileReference; lastKnownFileType = sourcecode.swift; path = CustomErrors.swift; sourceTree = "<group>"; };
		5FCA40C021ECE59800B5FDE8 /* Abba_Eban.jpg */ = {isa = PBXFileReference; lastKnownFileType = image.jpeg; path = Abba_Eban.jpg; sourceTree = "<group>"; };
		5FCA40D421F0382E00B5FDE8 /* Serena_Williams.jpg */ = {isa = PBXFileReference; lastKnownFileType = image.jpeg; name = Serena_Williams.jpg; path = PredictiveAPI/resources/faces/Serena_Williams/Serena_Williams.jpg; sourceTree = SOURCE_ROOT; };
		5FCA40D721F039BD00B5FDE8 /* Andre_Agassi.jpg */ = {isa = PBXFileReference; lastKnownFileType = image.jpeg; path = Andre_Agassi.jpg; sourceTree = "<group>"; };
		5FCA40E921F517E200B5FDE8 /* Serena_Williams_0001.jpg */ = {isa = PBXFileReference; lastKnownFileType = image.jpeg; path = Serena_Williams_0001.jpg; sourceTree = "<group>"; };
		5FCA40EC21F517EA00B5FDE8 /* Serena_Williams_0006.jpg */ = {isa = PBXFileReference; lastKnownFileType = image.jpeg; path = Serena_Williams_0006.jpg; sourceTree = "<group>"; };
		5FF57961226E1DEE00254FFE /* CouchbaseLiteSwift.framework */ = {isa = PBXFileReference; lastKnownFileType = wrapper.framework; name = CouchbaseLiteSwift.framework; path = iOS/CouchbaseLiteSwift.framework; sourceTree = "<group>"; };
/* End PBXFileReference section */

/* Begin PBXFrameworksBuildPhase section */
		5F6EF94321E79FE400F143CF /* Frameworks */ = {
			isa = PBXFrameworksBuildPhase;
			buildActionMask = 2147483647;
			files = (
				5FF57963226E1E2700254FFE /* CouchbaseLiteSwift.framework in Frameworks */,
				5FF57962226E1DEF00254FFE /* CouchbaseLiteSwift.framework in Frameworks */,
			);
			runOnlyForDeploymentPostprocessing = 0;
		};
		5F6EF95721E79FE600F143CF /* Frameworks */ = {
			isa = PBXFrameworksBuildPhase;
			buildActionMask = 2147483647;
			files = (
			);
			runOnlyForDeploymentPostprocessing = 0;
		};
/* End PBXFrameworksBuildPhase section */

/* Begin PBXGroup section */
		5F544FE521E92C7700EBEC58 /* model */ = {
			isa = PBXGroup;
			children = (
				5F6EF96921E7A12600F143CF /* DatabaseManager.swift */,
				5F544FCB21E8E9ED00EBEC58 /* UserRecord.swift */,
				5FCA40AC21E9310500B5FDE8 /* OpenFacePredictiveModel.swift */,
			);
			path = model;
			sourceTree = "<group>";
		};
		5F544FE621E92CC800EBEC58 /* view */ = {
			isa = PBXGroup;
			children = (
				5F544FC321E8E8F100EBEC58 /* ItemTableViewController.swift */,
				5F544FD321E8ED5300EBEC58 /* CustomImageEntryTableViewCell.xib */,
				5F544FCD21E8EC8300EBEC58 /* CustomTextEntryTableViewCell.swift */,
				5F544FCF21E8ECB000EBEC58 /* CustomTextEntryTableViewCell.xib */,
				5F544FD121E8ED1C00EBEC58 /* CustomImageEntryTableViewCell.swift */,
			);
			path = view;
			sourceTree = "<group>";
		};
		5F544FE721E92CFD00EBEC58 /* presenter */ = {
			isa = PBXGroup;
			children = (
				5F544FC621E8E98100EBEC58 /* UserPresenter.swift */,
				5F544FC921E8E9B300EBEC58 /* PresenterProtocol.swift */,
			);
			path = presenter;
			sourceTree = "<group>";
		};
		5F544FE821E92D0A00EBEC58 /* utils */ = {
			isa = PBXGroup;
			children = (
				5FC2689021E7C4AF00237D46 /* OpenFaceUtilities.swift */,
				5FC2689321E7C70500237D46 /* FaceRecognizer.swift */,
				5F544FC021E8E4AC00EBEC58 /* FileUtils.swift */,
				5FCA40B221EB9DCB00B5FDE8 /* CustomErrors.swift */,
			);
			path = utils;
			sourceTree = "<group>";
		};
		5F544FE921E92D1F00EBEC58 /* resources */ = {
			isa = PBXGroup;
			children = (
				5F0ED5CF2211E839001FD4D1 /* faces-large.cblite2 */,
				5F0ED5C9220A2E30001FD4D1 /* faces.cblite2 */,
				5FCA40AA21E92E3F00B5FDE8 /* faces */,
				5F544FBA21E808E400EBEC58 /* OpenFace.mlmodel */,
			);
			path = resources;
			sourceTree = "<group>";
		};
		5F6EF93D21E79FE400F143CF = {
			isa = PBXGroup;
			children = (
				5FF57961226E1DEE00254FFE /* CouchbaseLiteSwift.framework */,
				5F6EF94821E79FE400F143CF /* PredictiveAPI */,
				5F6EF95D21E79FE600F143CF /* PredictiveAPITests */,
				5F6EF94721E79FE400F143CF /* Products */,
			);
			sourceTree = "<group>";
		};
		5F6EF94721E79FE400F143CF /* Products */ = {
			isa = PBXGroup;
			children = (
				5F6EF94621E79FE400F143CF /* PredictiveAPI.app */,
				5F6EF95A21E79FE600F143CF /* PredictiveAPITests.xctest */,
			);
			name = Products;
			sourceTree = "<group>";
		};
		5F6EF94821E79FE400F143CF /* PredictiveAPI */ = {
			isa = PBXGroup;
			children = (
				5F544FE921E92D1F00EBEC58 /* resources */,
				5F6EF94921E79FE400F143CF /* AppDelegate.swift */,
				5F544FE521E92C7700EBEC58 /* model */,
				5F544FE621E92CC800EBEC58 /* view */,
				5F6EF94D21E79FE400F143CF /* Main.storyboard */,
				5F6EF95021E79FE600F143CF /* Assets.xcassets */,
				5F6EF95221E79FE600F143CF /* LaunchScreen.storyboard */,
				5F6EF95521E79FE600F143CF /* Info.plist */,
				5F544FE821E92D0A00EBEC58 /* utils */,
				5F544FE721E92CFD00EBEC58 /* presenter */,
			);
			path = PredictiveAPI;
			sourceTree = "<group>";
		};
		5F6EF95D21E79FE600F143CF /* PredictiveAPITests */ = {
			isa = PBXGroup;
			children = (
				5FCA40EC21F517EA00B5FDE8 /* Serena_Williams_0006.jpg */,
				5FCA40E921F517E200B5FDE8 /* Serena_Williams_0001.jpg */,
				5FCA40D721F039BD00B5FDE8 /* Andre_Agassi.jpg */,
				5FCA40D421F0382E00B5FDE8 /* Serena_Williams.jpg */,
				5FCA40C021ECE59800B5FDE8 /* Abba_Eban.jpg */,
				5F6EF95E21E79FE600F143CF /* PredictiveAPITests.swift */,
				5F6EF96021E79FE600F143CF /* Info.plist */,
			);
			path = PredictiveAPITests;
			sourceTree = "<group>";
		};
/* End PBXGroup section */

/* Begin PBXNativeTarget section */
		5F6EF94521E79FE400F143CF /* PredictiveAPI */ = {
			isa = PBXNativeTarget;
			buildConfigurationList = 5F6EF96321E79FE600F143CF /* Build configuration list for PBXNativeTarget "PredictiveAPI" */;
			buildPhases = (
				5F6EF94221E79FE400F143CF /* Sources */,
				5F6EF94321E79FE400F143CF /* Frameworks */,
				5F6EF94421E79FE400F143CF /* Resources */,
				5F6EF96F21E7A49800F143CF /* Embed Frameworks */,
			);
			buildRules = (
			);
			dependencies = (
			);
			name = PredictiveAPI;
			productName = PredictiveAPI;
			productReference = 5F6EF94621E79FE400F143CF /* PredictiveAPI.app */;
			productType = "com.apple.product-type.application";
		};
		5F6EF95921E79FE600F143CF /* PredictiveAPITests */ = {
			isa = PBXNativeTarget;
			buildConfigurationList = 5F6EF96621E79FE600F143CF /* Build configuration list for PBXNativeTarget "PredictiveAPITests" */;
			buildPhases = (
				5F6EF95621E79FE600F143CF /* Sources */,
				5F6EF95721E79FE600F143CF /* Frameworks */,
				5F6EF95821E79FE600F143CF /* Resources */,
			);
			buildRules = (
			);
			dependencies = (
				5F6EF95C21E79FE600F143CF /* PBXTargetDependency */,
			);
			name = PredictiveAPITests;
			productName = PredictiveAPITests;
			productReference = 5F6EF95A21E79FE600F143CF /* PredictiveAPITests.xctest */;
			productType = "com.apple.product-type.bundle.unit-test";
		};
/* End PBXNativeTarget section */

/* Begin PBXProject section */
		5F6EF93E21E79FE400F143CF /* Project object */ = {
			isa = PBXProject;
			attributes = {
				LastSwiftUpdateCheck = 1010;
				LastUpgradeCheck = 1010;
				ORGANIZATIONNAME = "Couchbase Inc.";
				TargetAttributes = {
					5F6EF94521E79FE400F143CF = {
						CreatedOnToolsVersion = 10.1;
					};
					5F6EF95921E79FE600F143CF = {
						CreatedOnToolsVersion = 10.1;
						TestTargetID = 5F6EF94521E79FE400F143CF;
					};
				};
			};
			buildConfigurationList = 5F6EF94121E79FE400F143CF /* Build configuration list for PBXProject "PredictiveAPI" */;
			compatibilityVersion = "Xcode 9.3";
			developmentRegion = en;
			hasScannedForEncodings = 0;
			knownRegions = (
				en,
				Base,
			);
			mainGroup = 5F6EF93D21E79FE400F143CF;
			productRefGroup = 5F6EF94721E79FE400F143CF /* Products */;
			projectDirPath = "";
			projectRoot = "";
			targets = (
				5F6EF94521E79FE400F143CF /* PredictiveAPI */,
				5F6EF95921E79FE600F143CF /* PredictiveAPITests */,
			);
		};
/* End PBXProject section */

/* Begin PBXResourcesBuildPhase section */
		5F6EF94421E79FE400F143CF /* Resources */ = {
			isa = PBXResourcesBuildPhase;
			buildActionMask = 2147483647;
			files = (
				5F6EF95421E79FE600F143CF /* LaunchScreen.storyboard in Resources */,
				5FCA40D821F039BD00B5FDE8 /* Andre_Agassi.jpg in Resources */,
				5F544FD421E8ED5300EBEC58 /* CustomImageEntryTableViewCell.xib in Resources */,
				5F6EF95121E79FE600F143CF /* Assets.xcassets in Resources */,
				5F0ED5D02211E83A001FD4D1 /* faces-large.cblite2 in Resources */,
				5FCA40D521F0382E00B5FDE8 /* Serena_Williams.jpg in Resources */,
				5FCA40AB21E92E3F00B5FDE8 /* faces in Resources */,
				5F0ED5CA220A2E30001FD4D1 /* faces.cblite2 in Resources */,
				5F6EF94F21E79FE400F143CF /* Main.storyboard in Resources */,
				5FCA40EA21F517E200B5FDE8 /* Serena_Williams_0001.jpg in Resources */,
				5F544FD021E8ECB100EBEC58 /* CustomTextEntryTableViewCell.xib in Resources */,
				5FCA40ED21F517EA00B5FDE8 /* Serena_Williams_0006.jpg in Resources */,
			);
			runOnlyForDeploymentPostprocessing = 0;
		};
		5F6EF95821E79FE600F143CF /* Resources */ = {
			isa = PBXResourcesBuildPhase;
			buildActionMask = 2147483647;
			files = (
				5FCA40C321ECF0B600B5FDE8 /* faces in Resources */,
				5FCA40EE21F517EA00B5FDE8 /* Serena_Williams_0006.jpg in Resources */,
				5FCA40EB21F517E200B5FDE8 /* Serena_Williams_0001.jpg in Resources */,
				5FCA40C121ECE59800B5FDE8 /* Abba_Eban.jpg in Resources */,
				5FCA40D621F0382E00B5FDE8 /* Serena_Williams.jpg in Resources */,
				5FCA40D921F039BD00B5FDE8 /* Andre_Agassi.jpg in Resources */,
			);
			runOnlyForDeploymentPostprocessing = 0;
		};
/* End PBXResourcesBuildPhase section */

/* Begin PBXSourcesBuildPhase section */
		5F6EF94221E79FE400F143CF /* Sources */ = {
			isa = PBXSourcesBuildPhase;
			buildActionMask = 2147483647;
			files = (
				5F544FBB21E808E400EBEC58 /* OpenFace.mlmodel in Sources */,
				5F544FCE21E8EC8300EBEC58 /* CustomTextEntryTableViewCell.swift in Sources */,
				5F6EF94A21E79FE400F143CF /* AppDelegate.swift in Sources */,
				5F544FD221E8ED1C00EBEC58 /* CustomImageEntryTableViewCell.swift in Sources */,
				5F544FC721E8E98200EBEC58 /* UserPresenter.swift in Sources */,
				5F544FCC21E8E9EE00EBEC58 /* UserRecord.swift in Sources */,
				5F544FCA21E8E9B300EBEC58 /* PresenterProtocol.swift in Sources */,
				5FCA40B321EB9DCB00B5FDE8 /* CustomErrors.swift in Sources */,
				5FC2689121E7C4AF00237D46 /* OpenFaceUtilities.swift in Sources */,
				5FC2689421E7C70500237D46 /* FaceRecognizer.swift in Sources */,
				5FCA40AD21E9310500B5FDE8 /* OpenFacePredictiveModel.swift in Sources */,
				5F544FC121E8E4AC00EBEC58 /* FileUtils.swift in Sources */,
				5F544FC421E8E8F100EBEC58 /* ItemTableViewController.swift in Sources */,
				5F6EF96A21E7A12600F143CF /* DatabaseManager.swift in Sources */,
			);
			runOnlyForDeploymentPostprocessing = 0;
		};
		5F6EF95621E79FE600F143CF /* Sources */ = {
			isa = PBXSourcesBuildPhase;
			buildActionMask = 2147483647;
			files = (
				5F544FC221E8E4AC00EBEC58 /* FileUtils.swift in Sources */,
				5F544FBC21E8090900EBEC58 /* OpenFace.mlmodel in Sources */,
				5F6EF95F21E79FE600F143CF /* PredictiveAPITests.swift in Sources */,
			);
			runOnlyForDeploymentPostprocessing = 0;
		};
/* End PBXSourcesBuildPhase section */

/* Begin PBXTargetDependency section */
		5F6EF95C21E79FE600F143CF /* PBXTargetDependency */ = {
			isa = PBXTargetDependency;
			target = 5F6EF94521E79FE400F143CF /* PredictiveAPI */;
			targetProxy = 5F6EF95B21E79FE600F143CF /* PBXContainerItemProxy */;
		};
/* End PBXTargetDependency section */

/* Begin PBXVariantGroup section */
		5F6EF94D21E79FE400F143CF /* Main.storyboard */ = {
			isa = PBXVariantGroup;
			children = (
				5F6EF94E21E79FE400F143CF /* Base */,
			);
			name = Main.storyboard;
			sourceTree = "<group>";
		};
		5F6EF95221E79FE600F143CF /* LaunchScreen.storyboard */ = {
			isa = PBXVariantGroup;
			children = (
				5F6EF95321E79FE600F143CF /* Base */,
			);
			name = LaunchScreen.storyboard;
			sourceTree = "<group>";
		};
/* End PBXVariantGroup section */

/* Begin XCBuildConfiguration section */
		5F6EF96121E79FE600F143CF /* Debug */ = {
			isa = XCBuildConfiguration;
			buildSettings = {
				ALWAYS_SEARCH_USER_PATHS = NO;
				CLANG_ANALYZER_NONNULL = YES;
				CLANG_ANALYZER_NUMBER_OBJECT_CONVERSION = YES_AGGRESSIVE;
				CLANG_CXX_LANGUAGE_STANDARD = "gnu++14";
				CLANG_CXX_LIBRARY = "libc++";
				CLANG_ENABLE_MODULES = YES;
				CLANG_ENABLE_OBJC_ARC = YES;
				CLANG_ENABLE_OBJC_WEAK = YES;
				CLANG_WARN_BLOCK_CAPTURE_AUTORELEASING = YES;
				CLANG_WARN_BOOL_CONVERSION = YES;
				CLANG_WARN_COMMA = YES;
				CLANG_WARN_CONSTANT_CONVERSION = YES;
				CLANG_WARN_DEPRECATED_OBJC_IMPLEMENTATIONS = YES;
				CLANG_WARN_DIRECT_OBJC_ISA_USAGE = YES_ERROR;
				CLANG_WARN_DOCUMENTATION_COMMENTS = YES;
				CLANG_WARN_EMPTY_BODY = YES;
				CLANG_WARN_ENUM_CONVERSION = YES;
				CLANG_WARN_INFINITE_RECURSION = YES;
				CLANG_WARN_INT_CONVERSION = YES;
				CLANG_WARN_NON_LITERAL_NULL_CONVERSION = YES;
				CLANG_WARN_OBJC_IMPLICIT_RETAIN_SELF = YES;
				CLANG_WARN_OBJC_LITERAL_CONVERSION = YES;
				CLANG_WARN_OBJC_ROOT_CLASS = YES_ERROR;
				CLANG_WARN_RANGE_LOOP_ANALYSIS = YES;
				CLANG_WARN_STRICT_PROTOTYPES = YES;
				CLANG_WARN_SUSPICIOUS_MOVE = YES;
				CLANG_WARN_UNGUARDED_AVAILABILITY = YES_AGGRESSIVE;
				CLANG_WARN_UNREACHABLE_CODE = YES;
				CLANG_WARN__DUPLICATE_METHOD_MATCH = YES;
				CODE_SIGN_IDENTITY = "iPhone Developer";
				COPY_PHASE_STRIP = NO;
				DEBUG_INFORMATION_FORMAT = dwarf;
				ENABLE_STRICT_OBJC_MSGSEND = YES;
				ENABLE_TESTABILITY = YES;
				GCC_C_LANGUAGE_STANDARD = gnu11;
				GCC_DYNAMIC_NO_PIC = NO;
				GCC_NO_COMMON_BLOCKS = YES;
				GCC_OPTIMIZATION_LEVEL = 0;
				GCC_PREPROCESSOR_DEFINITIONS = (
					"DEBUG=1",
					"$(inherited)",
				);
				GCC_WARN_64_TO_32_BIT_CONVERSION = YES;
				GCC_WARN_ABOUT_RETURN_TYPE = YES_ERROR;
				GCC_WARN_UNDECLARED_SELECTOR = YES;
				GCC_WARN_UNINITIALIZED_AUTOS = YES_AGGRESSIVE;
				GCC_WARN_UNUSED_FUNCTION = YES;
				GCC_WARN_UNUSED_VARIABLE = YES;
				IPHONEOS_DEPLOYMENT_TARGET = 12.1;
				MTL_ENABLE_DEBUG_INFO = INCLUDE_SOURCE;
				MTL_FAST_MATH = YES;
				ONLY_ACTIVE_ARCH = YES;
				SDKROOT = iphoneos;
				SWIFT_ACTIVE_COMPILATION_CONDITIONS = DEBUG;
				SWIFT_OPTIMIZATION_LEVEL = "-Onone";
			};
			name = Debug;
		};
		5F6EF96221E79FE600F143CF /* Release */ = {
			isa = XCBuildConfiguration;
			buildSettings = {
				ALWAYS_SEARCH_USER_PATHS = NO;
				CLANG_ANALYZER_NONNULL = YES;
				CLANG_ANALYZER_NUMBER_OBJECT_CONVERSION = YES_AGGRESSIVE;
				CLANG_CXX_LANGUAGE_STANDARD = "gnu++14";
				CLANG_CXX_LIBRARY = "libc++";
				CLANG_ENABLE_MODULES = YES;
				CLANG_ENABLE_OBJC_ARC = YES;
				CLANG_ENABLE_OBJC_WEAK = YES;
				CLANG_WARN_BLOCK_CAPTURE_AUTORELEASING = YES;
				CLANG_WARN_BOOL_CONVERSION = YES;
				CLANG_WARN_COMMA = YES;
				CLANG_WARN_CONSTANT_CONVERSION = YES;
				CLANG_WARN_DEPRECATED_OBJC_IMPLEMENTATIONS = YES;
				CLANG_WARN_DIRECT_OBJC_ISA_USAGE = YES_ERROR;
				CLANG_WARN_DOCUMENTATION_COMMENTS = YES;
				CLANG_WARN_EMPTY_BODY = YES;
				CLANG_WARN_ENUM_CONVERSION = YES;
				CLANG_WARN_INFINITE_RECURSION = YES;
				CLANG_WARN_INT_CONVERSION = YES;
				CLANG_WARN_NON_LITERAL_NULL_CONVERSION = YES;
				CLANG_WARN_OBJC_IMPLICIT_RETAIN_SELF = YES;
				CLANG_WARN_OBJC_LITERAL_CONVERSION = YES;
				CLANG_WARN_OBJC_ROOT_CLASS = YES_ERROR;
				CLANG_WARN_RANGE_LOOP_ANALYSIS = YES;
				CLANG_WARN_STRICT_PROTOTYPES = YES;
				CLANG_WARN_SUSPICIOUS_MOVE = YES;
				CLANG_WARN_UNGUARDED_AVAILABILITY = YES_AGGRESSIVE;
				CLANG_WARN_UNREACHABLE_CODE = YES;
				CLANG_WARN__DUPLICATE_METHOD_MATCH = YES;
				CODE_SIGN_IDENTITY = "iPhone Developer";
				COPY_PHASE_STRIP = NO;
				DEBUG_INFORMATION_FORMAT = "dwarf-with-dsym";
				ENABLE_NS_ASSERTIONS = NO;
				ENABLE_STRICT_OBJC_MSGSEND = YES;
				GCC_C_LANGUAGE_STANDARD = gnu11;
				GCC_NO_COMMON_BLOCKS = YES;
				GCC_WARN_64_TO_32_BIT_CONVERSION = YES;
				GCC_WARN_ABOUT_RETURN_TYPE = YES_ERROR;
				GCC_WARN_UNDECLARED_SELECTOR = YES;
				GCC_WARN_UNINITIALIZED_AUTOS = YES_AGGRESSIVE;
				GCC_WARN_UNUSED_FUNCTION = YES;
				GCC_WARN_UNUSED_VARIABLE = YES;
				IPHONEOS_DEPLOYMENT_TARGET = 12.1;
				MTL_ENABLE_DEBUG_INFO = NO;
				MTL_FAST_MATH = YES;
				SDKROOT = iphoneos;
				SWIFT_COMPILATION_MODE = wholemodule;
				SWIFT_OPTIMIZATION_LEVEL = "-O";
				VALIDATE_PRODUCT = YES;
			};
			name = Release;
		};
		5F6EF96421E79FE600F143CF /* Debug */ = {
			isa = XCBuildConfiguration;
			buildSettings = {
				ASSETCATALOG_COMPILER_APPICON_NAME = AppIcon;
				CODE_SIGN_STYLE = Automatic;
				DEVELOPMENT_TEAM = T97TEF42TA;
				FRAMEWORK_SEARCH_PATHS = (
					"$(inherited)",
					"$(PROJECT_DIR)",
					"$(PROJECT_DIR)/PredictiveAPI",
					"$(PROJECT_DIR)/iOS",
				);
				INFOPLIST_FILE = PredictiveAPI/Info.plist;
				IPHONEOS_DEPLOYMENT_TARGET = 12.0;
				LD_RUNPATH_SEARCH_PATHS = (
					"$(inherited)",
					"@executable_path/Frameworks",
				);
				PRODUCT_BUNDLE_IDENTIFIER = com.example.PredictiveAPI;
				PRODUCT_NAME = "$(TARGET_NAME)";
				SWIFT_VERSION = 4.2;
				TARGETED_DEVICE_FAMILY = "1,2";
			};
			name = Debug;
		};
		5F6EF96521E79FE600F143CF /* Release */ = {
			isa = XCBuildConfiguration;
			buildSettings = {
				ASSETCATALOG_COMPILER_APPICON_NAME = AppIcon;
				CODE_SIGN_STYLE = Automatic;
				DEVELOPMENT_TEAM = T97TEF42TA;
				FRAMEWORK_SEARCH_PATHS = (
					"$(inherited)",
					"$(PROJECT_DIR)",
					"$(PROJECT_DIR)/PredictiveAPI",
					"$(PROJECT_DIR)/iOS",
				);
				INFOPLIST_FILE = PredictiveAPI/Info.plist;
				IPHONEOS_DEPLOYMENT_TARGET = 12.0;
				LD_RUNPATH_SEARCH_PATHS = (
					"$(inherited)",
					"@executable_path/Frameworks",
				);
				PRODUCT_BUNDLE_IDENTIFIER = com.example.PredictiveAPI;
				PRODUCT_NAME = "$(TARGET_NAME)";
				SWIFT_VERSION = 4.2;
				TARGETED_DEVICE_FAMILY = "1,2";
			};
			name = Release;
		};
		5F6EF96721E79FE600F143CF /* Debug */ = {
			isa = XCBuildConfiguration;
			buildSettings = {
				ALWAYS_EMBED_SWIFT_STANDARD_LIBRARIES = YES;
				BUNDLE_LOADER = "$(TEST_HOST)";
				CODE_SIGN_STYLE = Automatic;
				DEVELOPMENT_TEAM = T97TEF42TA;
				FRAMEWORK_SEARCH_PATHS = (
					"$(inherited)",
					"$(PROJECT_DIR)",
				);
				INFOPLIST_FILE = PredictiveAPITests/Info.plist;
				LD_RUNPATH_SEARCH_PATHS = (
					"$(inherited)",
					"@executable_path/Frameworks",
					"@loader_path/Frameworks",
				);
				PRODUCT_BUNDLE_IDENTIFIER = com.example.PredictiveAPITests;
				PRODUCT_NAME = "$(TARGET_NAME)";
				SWIFT_VERSION = 4.2;
				TARGETED_DEVICE_FAMILY = "1,2";
				TEST_HOST = "$(BUILT_PRODUCTS_DIR)/PredictiveAPI.app/PredictiveAPI";
			};
			name = Debug;
		};
		5F6EF96821E79FE600F143CF /* Release */ = {
			isa = XCBuildConfiguration;
			buildSettings = {
				ALWAYS_EMBED_SWIFT_STANDARD_LIBRARIES = YES;
				BUNDLE_LOADER = "$(TEST_HOST)";
				CODE_SIGN_STYLE = Automatic;
				DEVELOPMENT_TEAM = T97TEF42TA;
				FRAMEWORK_SEARCH_PATHS = (
					"$(inherited)",
					"$(PROJECT_DIR)",
				);
				INFOPLIST_FILE = PredictiveAPITests/Info.plist;
				LD_RUNPATH_SEARCH_PATHS = (
					"$(inherited)",
					"@executable_path/Frameworks",
					"@loader_path/Frameworks",
				);
				PRODUCT_BUNDLE_IDENTIFIER = com.example.PredictiveAPITests;
				PRODUCT_NAME = "$(TARGET_NAME)";
				SWIFT_VERSION = 4.2;
				TARGETED_DEVICE_FAMILY = "1,2";
				TEST_HOST = "$(BUILT_PRODUCTS_DIR)/PredictiveAPI.app/PredictiveAPI";
			};
			name = Release;
		};
/* End XCBuildConfiguration section */

/* Begin XCConfigurationList section */
		5F6EF94121E79FE400F143CF /* Build configuration list for PBXProject "PredictiveAPI" */ = {
			isa = XCConfigurationList;
			buildConfigurations = (
				5F6EF96121E79FE600F143CF /* Debug */,
				5F6EF96221E79FE600F143CF /* Release */,
			);
			defaultConfigurationIsVisible = 0;
			defaultConfigurationName = Release;
		};
		5F6EF96321E79FE600F143CF /* Build configuration list for PBXNativeTarget "PredictiveAPI" */ = {
			isa = XCConfigurationList;
			buildConfigurations = (
				5F6EF96421E79FE600F143CF /* Debug */,
				5F6EF96521E79FE600F143CF /* Release */,
			);
			defaultConfigurationIsVisible = 0;
			defaultConfigurationName = Release;
		};
		5F6EF96621E79FE600F143CF /* Build configuration list for PBXNativeTarget "PredictiveAPITests" */ = {
			isa = XCConfigurationList;
			buildConfigurations = (
				5F6EF96721E79FE600F143CF /* Debug */,
				5F6EF96821E79FE600F143CF /* Release */,
			);
			defaultConfigurationIsVisible = 0;
			defaultConfigurationName = Release;
		};
/* End XCConfigurationList section */
	};
	rootObject = 5F6EF93E21E79FE400F143CF /* Project object */;
}
